
Microsoft Visual Studio Solution File, Format Version 12.00
# Visual Studio Version 16
VisualStudioVersion = 16.0.31911.196
MinimumVisualStudioVersion = 10.0.40219.1
Project("{9A19103F-16F7-4668-BE54-9A1E7A4F7556}") = "Assignment2", "Assignment2\Assignment2.csproj", "{E4DB9EA6-AA8C-4D07-96A1-18838B207E42}"
EndProject
Project("{FAE04EC0-301F-11D3-BF4B-00C04F79EFBC}") = "Assignment02.Test", "Assignment02.Test\Assignment02.Test.csproj", "{4DD1AD2E-5C95-4355-B5FA-61390985A644}"
EndProject
Global
	GlobalSection(SolutionConfigurationPlatforms) = preSolution
		Debug|Any CPU = Debug|Any CPU
		Release|Any CPU = Release|Any CPU
	EndGlobalSection
	GlobalSection(ProjectConfigurationPlatforms) = postSolution
		{E4DB9EA6-AA8C-4D07-96A1-18838B207E42}.Debug|Any CPU.ActiveCfg = Debug|Any CPU
		{E4DB9EA6-AA8C-4D07-96A1-18838B207E42}.Debug|Any CPU.Build.0 = Debug|Any CPU
		{E4DB9EA6-AA8C-4D07-96A1-18838B207E42}.Release|Any CPU.ActiveCfg = Release|Any CPU
		{E4DB9EA6-AA8C-4D07-96A1-18838B207E42}.Release|Any CPU.Build.0 = Release|Any CPU
		{4DD1AD2E-5C95-4355-B5FA-61390985A644}.Debug|Any CPU.ActiveCfg = Debug|Any CPU
		{4DD1AD2E-5C95-4355-B5FA-61390985A644}.Debug|Any CPU.Build.0 = Debug|Any CPU
		{4DD1AD2E-5C95-4355-B5FA-61390985A644}.Release|Any CPU.ActiveCfg = Release|Any CPU
		{4DD1AD2E-5C95-4355-B5FA-61390985A644}.Release|Any CPU.Build.0 = Release|Any CPU
	EndGlobalSection
	GlobalSection(SolutionProperties) = preSolution
		HideSolutionNode = FALSE
	EndGlobalSection
	GlobalSection(ExtensibilityGlobals) = postSolution
		SolutionGuid = {B1BD323C-7B81-4CB6-8155-9A10A4B42D4D}
	EndGlobalSection
EndGlobal
